PODS:
  - Alamofire (3.4.1)
  - CryptoSwift (0.5.2)
  - DACircularProgress (2.3.1)
  - FDFullscreenPopGesture (1.1)
  - HLPhotoRollPlayer (1.0.0)
  - KeychainSwift (3.0.16)
  - Kingfisher (2.4.2)
  - MBProgressHUD (0.9.2)
  - MJRefresh (3.1.12)
  - MWPhotoBrowser (2.1.2):
    - DACircularProgress (~> 2.3)
    - MBProgressHUD (~> 0.9)
    - SDWebImage (!= 3.7.2, ~> 3.7)
  - NJKWebViewProgress (0.2.3):
    - NJKWebViewProgress/Core (= 0.2.3)
    - NJKWebViewProgress/ProgressView (= 0.2.3)
  - NJKWebViewProgress/Core (0.2.3)
  - NJKWebViewProgress/ProgressView (0.2.3)
  - ObjectMapper (1.4.0)
  - SDWebImage (3.8.1):
    - SDWebImage/Core (= 3.8.1)
  - SDWebImage/Core (3.8.1)
  - SnapKit (0.20.0)
  - SVProgressHUD (2.0.3)
  - SwiftyJSON (2.3.2)
  - UITableView+FDTemplateLayoutCell (1.4)
  - UIViewController-KeyboardAdditions (1.2)

DEPENDENCIES:
  - Alamofire (~> 3.4)
  - CryptoSwift (~> 0.3)
  - FDFullscreenPopGesture (= 1.1)
  - HLPhotoRollPlayer (from `http://192.168.2.250:3000/wangshiyu13/HLPhotoRollPlayer.git`)
  - KeychainSwift (~> 3.0)
  - Kingfisher (~> 2.1)
  - MJRefresh (~> 3.0)
  - MWPhotoBrowser
  - NJKWebViewProgress (~> 0.2.3)
  - ObjectMapper (~> 1.2)
  - SnapKit (~> 0.20.0)
  - SVProgressHUD (~> 2.0-beta8)
  - SwiftyJSON (~> 2.3)
  - UITableView+FDTemplateLayoutCell (~> 1.3)
  - UIViewController-KeyboardAdditions (~> 1.1)

EXTERNAL SOURCES:
  HLPhotoRollPlayer:
    :git: http://192.168.2.250:3000/wangshiyu13/HLPhotoRollPlayer.git

CHECKOUT OPTIONS:
  HLPhotoRollPlayer:
    :commit: e59c8141e77313e49682fcb8dff7227db0d2b371
    :git: http://192.168.2.250:3000/wangshiyu13/HLPhotoRollPlayer.git

SPEC CHECKSUMS:
  Alamofire: 01a82e2f6c0f860ade35534c8dd88be61bdef40c
  CryptoSwift: c1ef79f901b86099a6fe8b3c7524cf9f3f3c8c40
  DACircularProgress: 4dd437c0fc3da5161cb289e07ac449493d41db71
  FDFullscreenPopGesture: a8a620179e3d9c40e8e00256dcee1c1a27c6d0f0
  HLPhotoRollPlayer: a676ffb85b2bcc96815e78ec439f583b0e20d95d
  KeychainSwift: a5bb85cd498ce2217b55e055ec59e9268d83384c
  Kingfisher: 05bf8d04408aaa70fcd2c8c81b9f1d0f1ad313dd
  MBProgressHUD: 1569cf7ace17a8bac47aabfbb8580a49690386d1
  MJRefresh: b96cdb21c4aa75a7b07654311ab2f315c497e806
  MWPhotoBrowser: 5836d7aa041dc05a13de380c246826578adc5ea5
  NJKWebViewProgress: f481fd424cb5ecc27eacae11b5397db92fba9a4d
  ObjectMapper: a07ad0462c5adf014adc0f89ef04c29b626e855e
  SDWebImage: 35f9627a3e44b4f292a8a8ce6a531fa488239b91
  SnapKit: 5fce3c1bbbf1fbd31de9aa92f33eb9fa03f15650
  SVProgressHUD: b0830714205bea1317ea1a2ebc71e5633af334d4
  SwiftyJSON: 04ccea08915aa0109039157c7974cf0298da292a
  UITableView+FDTemplateLayoutCell: 234e1582bcc4e18461af91155123bb96538ed030
  UIViewController-KeyboardAdditions: 9c9c69a012890f71010dc7ffef18d98e4e0768d2

PODFILE CHECKSUM: 5e7ffb3cdf515572acce596ed5075bba02aa3e9c

COCOAPODS: 1.0.0.beta.4
