// !$*UTF8*$!
{
	archiveVersion = 1;
	classes = {
	};
	objectVersion = 46;
	objects = {

/* Begin PBXBuildFile section */
		A3BE85371D582EDB00796A0C /* AppDelegate.swift in Sources */ = {isa = PBXBuildFile; fileRef = A3BE85361D582EDB00796A0C /* AppDelegate.swift */; };
		A3BE85391D582EDB00796A0C /* ViewController.swift in Sources */ = {isa = PBXBuildFile; fileRef = A3BE85381D582EDB00796A0C /* ViewController.swift */; };
		A3BE853C1D582EDB00796A0C /* Main.storyboard in Resources */ = {isa = PBXBuildFile; fileRef = A3BE853A1D582EDB00796A0C /* Main.storyboard */; };
		A3BE853F1D582EDB00796A0C /* XZLive.xcdatamodeld in Sources */ = {isa = PBXBuildFile; fileRef = A3BE853D1D582EDB00796A0C /* XZLive.xcdatamodeld */; };
		A3BE85411D582EDB00796A0C /* Assets.xcassets in Resources */ = {isa = PBXBuildFile; fileRef = A3BE85401D582EDB00796A0C /* Assets.xcassets */; };
		A3BE85441D582EDB00796A0C /* LaunchScreen.storyboard in Resources */ = {isa = PBXBuildFile; fileRef = A3BE85421D582EDB00796A0C /* LaunchScreen.storyboard */; };
		A3BE854F1D582EDB00796A0C /* XZLiveTests.swift in Sources */ = {isa = PBXBuildFile; fileRef = A3BE854E1D582EDB00796A0C /* XZLiveTests.swift */; };
		A3BE855A1D582EDB00796A0C /* XZLiveUITests.swift in Sources */ = {isa = PBXBuildFile; fileRef = A3BE85591D582EDB00796A0C /* XZLiveUITests.swift */; };
/* End PBXBuildFile section */

/* Begin PBXContainerItemProxy section */
		A3BE854B1D582EDB00796A0C /* PBXContainerItemProxy */ = {
			isa = PBXContainerItemProxy;
			containerPortal = A3BE852B1D582EDA00796A0C /* Project object */;
			proxyType = 1;
			remoteGlobalIDString = A3BE85321D582EDA00796A0C;
			remoteInfo = XZLive;
		};
		A3BE85561D582EDB00796A0C /* PBXContainerItemProxy */ = {
			isa = PBXContainerItemProxy;
			containerPortal = A3BE852B1D582EDA00796A0C /* Project object */;
			proxyType = 1;
			remoteGlobalIDString = A3BE85321D582EDA00796A0C;
			remoteInfo = XZLive;
		};
/* End PBXContainerItemProxy section */

/* Begin PBXFileReference section */
		A3BE85331D582EDA00796A0C /* XZLive.app */ = {isa = PBXFileReference; explicitFileType = wrapper.application; includeInIndex = 0; path = XZLive.app; sourceTree = BUILT_PRODUCTS_DIR; };
		A3BE85361D582EDB00796A0C /* AppDelegate.swift */ = {isa = PBXFileReference; lastKnownFileType = sourcecode.swift; path = AppDelegate.swift; sourceTree = "<group>"; };
		A3BE85381D582EDB00796A0C /* ViewController.swift */ = {isa = PBXFileReference; lastKnownFileType = sourcecode.swift; path = ViewController.swift; sourceTree = "<group>"; };
		A3BE853B1D582EDB00796A0C /* Base */ = {isa = PBXFileReference; lastKnownFileType = file.storyboard; name = Base; path = Base.lproj/Main.storyboard; sourceTree = "<group>"; };
		A3BE853E1D582EDB00796A0C /* XZLive.xcdatamodel */ = {isa = PBXFileReference; lastKnownFileType = wrapper.xcdatamodel; path = XZLive.xcdatamodel; sourceTree = "<group>"; };
		A3BE85401D582EDB00796A0C /* Assets.xcassets */ = {isa = PBXFileReference; lastKnownFileType = folder.assetcatalog; path = Assets.xcassets; sourceTree = "<group>"; };
		A3BE85431D582EDB00796A0C /* Base */ = {isa = PBXFileReference; lastKnownFileType = file.storyboard; name = Base; path = Base.lproj/LaunchScreen.storyboard; sourceTree = "<group>"; };
		A3BE85451D582EDB00796A0C /* Info.plist */ = {isa = PBXFileReference; lastKnownFileType = text.plist.xml; path = Info.plist; sourceTree = "<group>"; };
		A3BE854A1D582EDB00796A0C /* XZLiveTests.xctest */ = {isa = PBXFileReference; explicitFileType = wrapper.cfbundle; includeInIndex = 0; path = XZLiveTests.xctest; sourceTree = BUILT_PRODUCTS_DIR; };
		A3BE854E1D582EDB00796A0C /* XZLiveTests.swift */ = {isa = PBXFileReference; lastKnownFileType = sourcecode.swift; path = XZLiveTests.swift; sourceTree = "<group>"; };
		A3BE85501D582EDB00796A0C /* Info.plist */ = {isa = PBXFileReference; lastKnownFileType = text.plist.xml; path = Info.plist; sourceTree = "<group>"; };
		A3BE85551D582EDB00796A0C /* XZLiveUITests.xctest */ = {isa = PBXFileReference; explicitFileType = wrapper.cfbundle; includeInIndex = 0; path = XZLiveUITests.xctest; sourceTree = BUILT_PRODUCTS_DIR; };
		A3BE85591D582EDB00796A0C /* XZLiveUITests.swift */ = {isa = PBXFileReference; lastKnownFileType = sourcecode.swift; path = XZLiveUITests.swift; sourceTree = "<group>"; };
		A3BE855B1D582EDB00796A0C /* Info.plist */ = {isa = PBXFileReference; lastKnownFileType = text.plist.xml; path = Info.plist; sourceTree = "<group>"; };
/* End PBXFileReference section */

/* Begin PBXFrameworksBuildPhase section */
		A3BE85301D582EDA00796A0C /* Frameworks */ = {
			isa = PBXFrameworksBuildPhase;
			buildActionMask = 2147483647;
			files = (
			);
			runOnlyForDeploymentPostprocessing = 0;
		};
		A3BE85471D582EDB00796A0C /* Frameworks */ = {
			isa = PBXFrameworksBuildPhase;
			buildActionMask = 2147483647;
			files = (
			);
			runOnlyForDeploymentPostprocessing = 0;
		};
		A3BE85521D582EDB00796A0C /* Frameworks */ = {
			isa = PBXFrameworksBuildPhase;
			buildActionMask = 2147483647;
			files = (
			);
			runOnlyForDeploymentPostprocessing = 0;
		};
/* End PBXFrameworksBuildPhase section */

/* Begin PBXGroup section */
		A3BE852A1D582EDA00796A0C = {
			isa = PBXGroup;
			children = (
				A3BE85351D582EDB00796A0C /* XZLive */,
				A3BE854D1D582EDB00796A0C /* XZLiveTests */,
				A3BE85581D582EDB00796A0C /* XZLiveUITests */,
				A3BE85341D582EDA00796A0C /* Products */,
			);
			sourceTree = "<group>";
		};
		A3BE85341D582EDA00796A0C /* Products */ = {
			isa = PBXGroup;
			children = (
				A3BE85331D582EDA00796A0C /* XZLive.app */,
				A3BE854A1D582EDB00796A0C /* XZLiveTests.xctest */,
				A3BE85551D582EDB00796A0C /* XZLiveUITests.xctest */,
			);
			name = Products;
			sourceTree = "<group>";
		};
		A3BE85351D582EDB00796A0C /* XZLive */ = {
			isa = PBXGroup;
			children = (
				A3BE85361D582EDB00796A0C /* AppDelegate.swift */,
				A3BE85381D582EDB00796A0C /* ViewController.swift */,
				A3BE853A1D582EDB00796A0C /* Main.storyboard */,
				A3BE85401D582EDB00796A0C /* Assets.xcassets */,
				A3BE85421D582EDB00796A0C /* LaunchScreen.storyboard */,
				A3BE85451D582EDB00796A0C /* Info.plist */,
				A3BE853D1D582EDB00796A0C /* XZLive.xcdatamodeld */,
			);
			path = XZLive;
			sourceTree = "<group>";
		};
		A3BE854D1D582EDB00796A0C /* XZLiveTests */ = {
			isa = PBXGroup;
			children = (
				A3BE854E1D582EDB00796A0C /* XZLiveTests.swift */,
				A3BE85501D582EDB00796A0C /* Info.plist */,
			);
			path = XZLiveTests;
			sourceTree = "<group>";
		};
		A3BE85581D582EDB00796A0C /* XZLiveUITests */ = {
			isa = PBXGroup;
			children = (
				A3BE85591D582EDB00796A0C /* XZLiveUITests.swift */,
				A3BE855B1D582EDB00796A0C /* Info.plist */,
			);
			path = XZLiveUITests;
			sourceTree = "<group>";
		};
/* End PBXGroup section */

/* Begin PBXNativeTarget section */
		A3BE85321D582EDA00796A0C /* XZLive */ = {
			isa = PBXNativeTarget;
			buildConfigurationList = A3BE855E1D582EDB00796A0C /* Build configuration list for PBXNativeTarget "XZLive" */;
			buildPhases = (
				A3BE852F1D582EDA00796A0C /* Sources */,
				A3BE85301D582EDA00796A0C /* Frameworks */,
				A3BE85311D582EDA00796A0C /* Resources */,
			);
			buildRules = (
			);
			dependencies = (
			);
			name = XZLive;
			productName = XZLive;
			productReference = A3BE85331D582EDA00796A0C /* XZLive.app */;
			productType = "com.apple.product-type.application";
		};
		A3BE85491D582EDB00796A0C /* XZLiveTests */ = {
			isa = PBXNativeTarget;
			buildConfigurationList = A3BE85611D582EDB00796A0C /* Build configuration list for PBXNativeTarget "XZLiveTests" */;
			buildPhases = (
				A3BE85461D582EDB00796A0C /* Sources */,
				A3BE85471D582EDB00796A0C /* Frameworks */,
				A3BE85481D582EDB00796A0C /* Resources */,
			);
			buildRules = (
			);
			dependencies = (
				A3BE854C1D582EDB00796A0C /* PBXTargetDependency */,
			);
			name = XZLiveTests;
			productName = XZLiveTests;
			productReference = A3BE854A1D582EDB00796A0C /* XZLiveTests.xctest */;
			productType = "com.apple.product-type.bundle.unit-test";
		};
		A3BE85541D582EDB00796A0C /* XZLiveUITests */ = {
			isa = PBXNativeTarget;
			buildConfigurationList = A3BE85641D582EDB00796A0C /* Build configuration list for PBXNativeTarget "XZLiveUITests" */;
			buildPhases = (
				A3BE85511D582EDB00796A0C /* Sources */,
				A3BE85521D582EDB00796A0C /* Frameworks */,
				A3BE85531D582EDB00796A0C /* Resources */,
			);
			buildRules = (
			);
			dependencies = (
				A3BE85571D582EDB00796A0C /* PBXTargetDependency */,
			);
			name = XZLiveUITests;
			productName = XZLiveUITests;
			productReference = A3BE85551D582EDB00796A0C /* XZLiveUITests.xctest */;
			productType = "com.apple.product-type.bundle.ui-testing";
		};
/* End PBXNativeTarget section */

/* Begin PBXProject section */
		A3BE852B1D582EDA00796A0C /* Project object */ = {
			isa = PBXProject;
			attributes = {
				LastSwiftUpdateCheck = 0730;
				LastUpgradeCheck = 0730;
				ORGANIZATIONNAME = ZYJ;
				TargetAttributes = {
					A3BE85321D582EDA00796A0C = {
						CreatedOnToolsVersion = 7.3.1;
					};
					A3BE85491D582EDB00796A0C = {
						CreatedOnToolsVersion = 7.3.1;
						TestTargetID = A3BE85321D582EDA00796A0C;
					};
					A3BE85541D582EDB00796A0C = {
						CreatedOnToolsVersion = 7.3.1;
						TestTargetID = A3BE85321D582EDA00796A0C;
					};
				};
			};
			buildConfigurationList = A3BE852E1D582EDA00796A0C /* Build configuration list for PBXProject "XZLive" */;
			compatibilityVersion = "Xcode 3.2";
			developmentRegion = English;
			hasScannedForEncodings = 0;
			knownRegions = (
				en,
				Base,
			);
			mainGroup = A3BE852A1D582EDA00796A0C;
			productRefGroup = A3BE85341D582EDA00796A0C /* Products */;
			projectDirPath = "";
			projectRoot = "";
			targets = (
				A3BE85321D582EDA00796A0C /* XZLive */,
				A3BE85491D582EDB00796A0C /* XZLiveTests */,
				A3BE85541D582EDB00796A0C /* XZLiveUITests */,
			);
		};
/* End PBXProject section */

/* Begin PBXResourcesBuildPhase section */
		A3BE85311D582EDA00796A0C /* Resources */ = {
			isa = PBXResourcesBuildPhase;
			buildActionMask = 2147483647;
			files = (
				A3BE85441D582EDB00796A0C /* LaunchScreen.storyboard in Resources */,
				A3BE85411D582EDB00796A0C /* Assets.xcassets in Resources */,
				A3BE853C1D582EDB00796A0C /* Main.storyboard in Resources */,
			);
			runOnlyForDeploymentPostprocessing = 0;
		};
		A3BE85481D582EDB00796A0C /* Resources */ = {
			isa = PBXResourcesBuildPhase;
			buildActionMask = 2147483647;
			files = (
			);
			runOnlyForDeploymentPostprocessing = 0;
		};
		A3BE85531D582EDB00796A0C /* Resources */ = {
			isa = PBXResourcesBuildPhase;
			buildActionMask = 2147483647;
			files = (
			);
			runOnlyForDeploymentPostprocessing = 0;
		};
/* End PBXResourcesBuildPhase section */

/* Begin PBXSourcesBuildPhase section */
		A3BE852F1D582EDA00796A0C /* Sources */ = {
			isa = PBXSourcesBuildPhase;
			buildActionMask = 2147483647;
			files = (
				A3BE85391D582EDB00796A0C /* ViewController.swift in Sources */,
				A3BE853F1D582EDB00796A0C /* XZLive.xcdatamodeld in Sources */,
				A3BE85371D582EDB00796A0C /* AppDelegate.swift in Sources */,
			);
			runOnlyForDeploymentPostprocessing = 0;
		};
		A3BE85461D582EDB00796A0C /* Sources */ = {
			isa = PBXSourcesBuildPhase;
			buildActionMask = 2147483647;
			files = (
				A3BE854F1D582EDB00796A0C /* XZLiveTests.swift in Sources */,
			);
			runOnlyForDeploymentPostprocessing = 0;
		};
		A3BE85511D582EDB00796A0C /* Sources */ = {
			isa = PBXSourcesBuildPhase;
			buildActionMask = 2147483647;
			files = (
				A3BE855A1D582EDB00796A0C /* XZLiveUITests.swift in Sources */,
			);
			runOnlyForDeploymentPostprocessing = 0;
		};
/* End PBXSourcesBuildPhase section */

/* Begin PBXTargetDependency section */
		A3BE854C1D582EDB00796A0C /* PBXTargetDependency */ = {
			isa = PBXTargetDependency;
			target = A3BE85321D582EDA00796A0C /* XZLive */;
			targetProxy = A3BE854B1D582EDB00796A0C /* PBXContainerItemProxy */;
		};
		A3BE85571D582EDB00796A0C /* PBXTargetDependency */ = {
			isa = PBXTargetDependency;
			target = A3BE85321D582EDA00796A0C /* XZLive */;
			targetProxy = A3BE85561D582EDB00796A0C /* PBXContainerItemProxy */;
		};
/* End PBXTargetDependency section */

/* Begin PBXVariantGroup section */
		A3BE853A1D582EDB00796A0C /* Main.storyboard */ = {
			isa = PBXVariantGroup;
			children = (
				A3BE853B1D582EDB00796A0C /* Base */,
			);
			name = Main.storyboard;
			sourceTree = "<group>";
		};
		A3BE85421D582EDB00796A0C /* LaunchScreen.storyboard */ = {
			isa = PBXVariantGroup;
			children = (
				A3BE85431D582EDB00796A0C /* Base */,
			);
			name = LaunchScreen.storyboard;
			sourceTree = "<group>";
		};
/* End PBXVariantGroup section */

/* Begin XCBuildConfiguration section */
		A3BE855C1D582EDB00796A0C /* Debug */ = {
			isa = XCBuildConfiguration;
			buildSettings = {
				ALWAYS_SEARCH_USER_PATHS = NO;
				CLANG_ANALYZER_NONNULL = YES;
				CLANG_CXX_LANGUAGE_STANDARD = "gnu++0x";
				CLANG_CXX_LIBRARY = "libc++";
				CLANG_ENABLE_MODULES = YES;
				CLANG_ENABLE_OBJC_ARC = YES;
				CLANG_WARN_BOOL_CONVERSION = YES;
				CLANG_WARN_CONSTANT_CONVERSION = YES;
				CLANG_WARN_DIRECT_OBJC_ISA_USAGE = YES_ERROR;
				CLANG_WARN_EMPTY_BODY = YES;
				CLANG_WARN_ENUM_CONVERSION = YES;
				CLANG_WARN_INT_CONVERSION = YES;
				CLANG_WARN_OBJC_ROOT_CLASS = YES_ERROR;
				CLANG_WARN_UNREACHABLE_CODE = YES;
				CLANG_WARN__DUPLICATE_METHOD_MATCH = YES;
				"CODE_SIGN_IDENTITY[sdk=iphoneos*]" = "iPhone Developer";
				COPY_PHASE_STRIP = NO;
				DEBUG_INFORMATION_FORMAT = dwarf;
				ENABLE_STRICT_OBJC_MSGSEND = YES;
				ENABLE_TESTABILITY = YES;
				GCC_C_LANGUAGE_STANDARD = gnu99;
				GCC_DYNAMIC_NO_PIC = NO;
				GCC_NO_COMMON_BLOCKS = YES;
				GCC_OPTIMIZATION_LEVEL = 0;
				GCC_PREPROCESSOR_DEFINITIONS = (
					"DEBUG=1",
					"$(inherited)",
				);
				GCC_WARN_64_TO_32_BIT_CONVERSION = YES;
				GCC_WARN_ABOUT_RETURN_TYPE = YES_ERROR;
				GCC_WARN_UNDECLARED_SELECTOR = YES;
				GCC_WARN_UNINITIALIZED_AUTOS = YES_AGGRESSIVE;
				GCC_WARN_UNUSED_FUNCTION = YES;
				GCC_WARN_UNUSED_VARIABLE = YES;
				IPHONEOS_DEPLOYMENT_TARGET = 9.3;
				MTL_ENABLE_DEBUG_INFO = YES;
				ONLY_ACTIVE_ARCH = YES;
				SDKROOT = iphoneos;
				SWIFT_OPTIMIZATION_LEVEL = "-Onone";
				TARGETED_DEVICE_FAMILY = "1,2";
			};
			name = Debug;
		};
		A3BE855D1D582EDB00796A0C /* Release */ = {
			isa = XCBuildConfiguration;
			buildSettings = {
				ALWAYS_SEARCH_USER_PATHS = NO;
				CLANG_ANALYZER_NONNULL = YES;
				CLANG_CXX_LANGUAGE_STANDARD = "gnu++0x";
				CLANG_CXX_LIBRARY = "libc++";
				CLANG_ENABLE_MODULES = YES;
				CLANG_ENABLE_OBJC_ARC = YES;
				CLANG_WARN_BOOL_CONVERSION = YES;
				CLANG_WARN_CONSTANT_CONVERSION = YES;
				CLANG_WARN_DIRECT_OBJC_ISA_USAGE = YES_ERROR;
				CLANG_WARN_EMPTY_BODY = YES;
				CLANG_WARN_ENUM_CONVERSION = YES;
				CLANG_WARN_INT_CONVERSION = YES;
				CLANG_WARN_OBJC_ROOT_CLASS = YES_ERROR;
				CLANG_WARN_UNREACHABLE_CODE = YES;
				CLANG_WARN__DUPLICATE_METHOD_MATCH = YES;
				"CODE_SIGN_IDENTITY[sdk=iphoneos*]" = "iPhone Developer";
				COPY_PHASE_STRIP = NO;
				DEBUG_INFORMATION_FORMAT = "dwarf-with-dsym";
				ENABLE_NS_ASSERTIONS = NO;
				ENABLE_STRICT_OBJC_MSGSEND = YES;
				GCC_C_LANGUAGE_STANDARD = gnu99;
				GCC_NO_COMMON_BLOCKS = YES;
				GCC_WARN_64_TO_32_BIT_CONVERSION = YES;
				GCC_WARN_ABOUT_RETURN_TYPE = YES_ERROR;
				GCC_WARN_UNDECLARED_SELECTOR = YES;
				GCC_WARN_UNINITIALIZED_AUTOS = YES_AGGRESSIVE;
				GCC_WARN_UNUSED_FUNCTION = YES;
				GCC_WARN_UNUSED_VARIABLE = YES;
				IPHONEOS_DEPLOYMENT_TARGET = 9.3;
				MTL_ENABLE_DEBUG_INFO = NO;
				SDKROOT = iphoneos;
				TARGETED_DEVICE_FAMILY = "1,2";
				VALIDATE_PRODUCT = YES;
			};
			name = Release;
		};
		A3BE855F1D582EDB00796A0C /* Debug */ = {
			isa = XCBuildConfiguration;
			buildSettings = {
				ASSETCATALOG_COMPILER_APPICON_NAME = AppIcon;
				INFOPLIST_FILE = XZLive/Info.plist;
				LD_RUNPATH_SEARCH_PATHS = "$(inherited) @executable_path/Frameworks";
				PRODUCT_BUNDLE_IDENTIFIER = com.mykj.XZLive;
				PRODUCT_NAME = "$(TARGET_NAME)";
			};
			name = Debug;
		};
		A3BE85601D582EDB00796A0C /* Release */ = {
			isa = XCBuildConfiguration;
			buildSettings = {
				ASSETCATALOG_COMPILER_APPICON_NAME = AppIcon;
				INFOPLIST_FILE = XZLive/Info.plist;
				LD_RUNPATH_SEARCH_PATHS = "$(inherited) @executable_path/Frameworks";
				PRODUCT_BUNDLE_IDENTIFIER = com.mykj.XZLive;
				PRODUCT_NAME = "$(TARGET_NAME)";
			};
			name = Release;
		};
		A3BE85621D582EDB00796A0C /* Debug */ = {
			isa = XCBuildConfiguration;
			buildSettings = {
				BUNDLE_LOADER = "$(TEST_HOST)";
				INFOPLIST_FILE = XZLiveTests/Info.plist;
				LD_RUNPATH_SEARCH_PATHS = "$(inherited) @executable_path/Frameworks @loader_path/Frameworks";
				PRODUCT_BUNDLE_IDENTIFIER = com.mykj.XZLiveTests;
				PRODUCT_NAME = "$(TARGET_NAME)";
				TEST_HOST = "$(BUILT_PRODUCTS_DIR)/XZLive.app/XZLive";
			};
			name = Debug;
		};
		A3BE85631D582EDB00796A0C /* Release */ = {
			isa = XCBuildConfiguration;
			buildSettings = {
				BUNDLE_LOADER = "$(TEST_HOST)";
				INFOPLIST_FILE = XZLiveTests/Info.plist;
				LD_RUNPATH_SEARCH_PATHS = "$(inherited) @executable_path/Frameworks @loader_path/Frameworks";
				PRODUCT_BUNDLE_IDENTIFIER = com.mykj.XZLiveTests;
				PRODUCT_NAME = "$(TARGET_NAME)";
				TEST_HOST = "$(BUILT_PRODUCTS_DIR)/XZLive.app/XZLive";
			};
			name = Release;
		};
		A3BE85651D582EDB00796A0C /* Debug */ = {
			isa = XCBuildConfiguration;
			buildSettings = {
				INFOPLIST_FILE = XZLiveUITests/Info.plist;
				LD_RUNPATH_SEARCH_PATHS = "$(inherited) @executable_path/Frameworks @loader_path/Frameworks";
				PRODUCT_BUNDLE_IDENTIFIER = com.mykj.XZLiveUITests;
				PRODUCT_NAME = "$(TARGET_NAME)";
				TEST_TARGET_NAME = XZLive;
			};
			name = Debug;
		};
		A3BE85661D582EDB00796A0C /* Release */ = {
			isa = XCBuildConfiguration;
			buildSettings = {
				INFOPLIST_FILE = XZLiveUITests/Info.plist;
				LD_RUNPATH_SEARCH_PATHS = "$(inherited) @executable_path/Frameworks @loader_path/Frameworks";
				PRODUCT_BUNDLE_IDENTIFIER = com.mykj.XZLiveUITests;
				PRODUCT_NAME = "$(TARGET_NAME)";
				TEST_TARGET_NAME = XZLive;
			};
			name = Release;
		};
/* End XCBuildConfiguration section */

/* Begin XCConfigurationList section */
		A3BE852E1D582EDA00796A0C /* Build configuration list for PBXProject "XZLive" */ = {
			isa = XCConfigurationList;
			buildConfigurations = (
				A3BE855C1D582EDB00796A0C /* Debug */,
				A3BE855D1D582EDB00796A0C /* Release */,
			);
			defaultConfigurationIsVisible = 0;
			defaultConfigurationName = Release;
		};
		A3BE855E1D582EDB00796A0C /* Build configuration list for PBXNativeTarget "XZLive" */ = {
			isa = XCConfigurationList;
			buildConfigurations = (
				A3BE855F1D582EDB00796A0C /* Debug */,
				A3BE85601D582EDB00796A0C /* Release */,
			);
			defaultConfigurationIsVisible = 0;
		};
		A3BE85611D582EDB00796A0C /* Build configuration list for PBXNativeTarget "XZLiveTests" */ = {
			isa = XCConfigurationList;
			buildConfigurations = (
				A3BE85621D582EDB00796A0C /* Debug */,
				A3BE85631D582EDB00796A0C /* Release */,
			);
			defaultConfigurationIsVisible = 0;
		};
		A3BE85641D582EDB00796A0C /* Build configuration list for PBXNativeTarget "XZLiveUITests" */ = {
			isa = XCConfigurationList;
			buildConfigurations = (
				A3BE85651D582EDB00796A0C /* Debug */,
				A3BE85661D582EDB00796A0C /* Release */,
			);
			defaultConfigurationIsVisible = 0;
		};
/* End XCConfigurationList section */

/* Begin XCVersionGroup section */
		A3BE853D1D582EDB00796A0C /* XZLive.xcdatamodeld */ = {
			isa = XCVersionGroup;
			children = (
				A3BE853E1D582EDB00796A0C /* XZLive.xcdatamodel */,
			);
			currentVersion = A3BE853E1D582EDB00796A0C /* XZLive.xcdatamodel */;
			path = XZLive.xcdatamodeld;
			sourceTree = "<group>";
			versionGroupType = wrapper.xcdatamodel;
		};
/* End XCVersionGroup section */
	};
	rootObject = A3BE852B1D582EDA00796A0C /* Project object */;
}
